
Microsoft Visual Studio Solution File, Format Version 12.00
# Visual Studio Version 16
VisualStudioVersion = 16.0.29209.62
MinimumVisualStudioVersion = 10.0.40219.1
Project("{151D2E53-A2C4-4D7D-83FE-D05416EBD58E}") = "cluster-bastion-template", "cluster-bastion-template.deployproj", "{1528FE79-D051-4956-BDEF-DB0FAFA1314E}"
EndProject
Project("{2150E333-8FDC-42A3-9474-1A3956D46DE8}") = "Solution Items", "Solution Items", "{AF6ECDFE-46B8-4EFA-9467-7D95D5334B82}"
	ProjectSection(SolutionItems) = preProject
		SingleVM.json = SingleVM.json
	EndProjectSection
EndProject
Global
	GlobalSection(SolutionConfigurationPlatforms) = preSolution
		Debug|Any CPU = Debug|Any CPU
		Release|Any CPU = Release|Any CPU
	EndGlobalSection
	GlobalSection(ProjectConfigurationPlatforms) = postSolution
		{1528FE79-D051-4956-BDEF-DB0FAFA1314E}.Debug|Any CPU.ActiveCfg = Debug|Any CPU
		{1528FE79-D051-4956-BDEF-DB0FAFA1314E}.Debug|Any CPU.Build.0 = Debug|Any CPU
		{1528FE79-D051-4956-BDEF-DB0FAFA1314E}.Release|Any CPU.ActiveCfg = Release|Any CPU
		{1528FE79-D051-4956-BDEF-DB0FAFA1314E}.Release|Any CPU.Build.0 = Release|Any CPU
	EndGlobalSection
	GlobalSection(SolutionProperties) = preSolution
		HideSolutionNode = FALSE
	EndGlobalSection
	GlobalSection(ExtensibilityGlobals) = postSolution
		SolutionGuid = {FDB67D88-B26A-4C90-BF68-37031E3BFAA0}
	EndGlobalSection
EndGlobal
